<?xml version="1.0" encoding="utf-8"?>
<Project ToolsVersion="4.0" xmlns="http://schemas.microsoft.com/developer/msbuild/2003">
  <ItemGroup>
    <ClCompile Include="PacketProcessor.cpp">
      <Filter>Engine\Net stuff</Filter>
    </ClCompile>
    <ClCompile Include="lodepng.cpp">
      <Filter>Engine\Util</Filter>
    </ClCompile>
    <ClCompile Include="EntitySystem.cpp">
      <Filter>Engine\Systems</Filter>
    </ClCompile>
    <ClCompile Include="GlobalSystem.cpp">
      <Filter>Engine\Systems</Filter>
    </ClCompile>
    <ClCompile Include="Input.cpp">
      <Filter>Engine\Input</Filter>
    </ClCompile>
    <ClCompile Include="Client.cpp">
      <Filter>Engine\Net stuff</Filter>
    </ClCompile>
    <ClCompile Include="GameState.cpp">
      <Filter>Game\States</Filter>
    </ClCompile>
    <ClCompile Include="Camera.cpp">
      <Filter>Game\Camera</Filter>
    </ClCompile>
    <ClCompile Include="main.cpp">
      <Filter>Engine</Filter>
    </ClCompile>
    <ClCompile Include="Player.cpp">
      <Filter>Game\Entities</Filter>
    </ClCompile>
    <ClCompile Include="PlayerController.cpp">
      <Filter>Engine\Input</Filter>
    </ClCompile>
    <ClCompile Include="Shader.cpp">
      <Filter>Engine\Rendering</Filter>
    </ClCompile>
    <ClCompile Include="SpriteBatch.cpp">
      <Filter>Engine\Rendering</Filter>
    </ClCompile>
    <ClCompile Include="SpriteRenderer.cpp">
      <Filter>Engine\Rendering</Filter>
    </ClCompile>
    <ClCompile Include="StateSystem.cpp">
      <Filter>Engine\Systems</Filter>
    </ClCompile>
    <ClCompile Include="WindowSystem.cpp">
      <Filter>Engine\Rendering</Filter>
    </ClCompile>
    <ClCompile Include="IActor.cpp">
      <Filter>Interfaces</Filter>
    </ClCompile>
    <ClCompile Include="Console.cpp">
      <Filter>Engine\Util</Filter>
    </ClCompile>
    <ClCompile Include="TextureCache.cpp">
      <Filter>Engine\Rendering</Filter>
    </ClCompile>
    <ClCompile Include="Zombie.cpp">
      <Filter>Game\Entities</Filter>
    </ClCompile>
    <ClCompile Include="LerpVec2.cpp">
      <Filter>Engine\Util</Filter>
    </ClCompile>
    <ClCompile Include="AnimationLoader.cpp">
      <Filter>Engine\Rendering</Filter>
    </ClCompile>
    <ClCompile Include="Animation.cpp">
      <Filter>Engine\Rendering</Filter>
    </ClCompile>
    <ClCompile Include="TileMap.cpp">
      <Filter>Engine\Rendering</Filter>
    </ClCompile>
  </ItemGroup>
  <ItemGroup>
    <ClInclude Include="ByteDecoder.h">
      <Filter>Engine\Net stuff</Filter>
    </ClInclude>
    <ClInclude Include="PacketProcessor.h">
      <Filter>Engine\Net stuff</Filter>
    </ClInclude>
    <ClInclude Include="lodepng.h">
      <Filter>Engine\Util</Filter>
    </ClInclude>
    <ClInclude Include="EntitySystem.h">
      <Filter>Engine\Systems</Filter>
    </ClInclude>
    <ClInclude Include="GlobalSystem.h">
      <Filter>Engine\Systems</Filter>
    </ClInclude>
    <ClInclude Include="IActor.h">
      <Filter>Interfaces</Filter>
    </ClInclude>
    <ClInclude Include="IEntity.h">
      <Filter>Interfaces</Filter>
    </ClInclude>
    <ClInclude Include="IInputListener.h">
      <Filter>Interfaces</Filter>
    </ClInclude>
    <ClInclude Include="Input.h">
      <Filter>Engine\Input</Filter>
    </ClInclude>
    <ClInclude Include="IState.h">
      <Filter>Interfaces</Filter>
    </ClInclude>
    <ClInclude Include="Client.h">
      <Filter>Engine\Net stuff</Filter>
    </ClInclude>
    <ClInclude Include="GameState.h">
      <Filter>Game\States</Filter>
    </ClInclude>
    <ClInclude Include="Camera.h">
      <Filter>Game\Camera</Filter>
    </ClInclude>
    <ClInclude Include="main.h">
      <Filter>Engine</Filter>
    </ClInclude>
    <ClInclude Include="Player.h">
      <Filter>Game\Entities</Filter>
    </ClInclude>
    <ClInclude Include="PlayerController.h">
      <Filter>Engine\Input</Filter>
    </ClInclude>
    <ClInclude Include="Shader.h">
      <Filter>Engine\Rendering</Filter>
    </ClInclude>
    <ClInclude Include="Sprite.h">
      <Filter>Engine\Rendering</Filter>
    </ClInclude>
    <ClInclude Include="SpriteBatch.h">
      <Filter>Engine\Rendering</Filter>
    </ClInclude>
    <ClInclude Include="SpriteRenderer.h">
      <Filter>Engine\Rendering</Filter>
    </ClInclude>
    <ClInclude Include="StateSystem.h">
      <Filter>Engine\Systems</Filter>
    </ClInclude>
    <ClInclude Include="WindowSystem.h">
      <Filter>Engine\Rendering</Filter>
    </ClInclude>
    <ClInclude Include="Console.h">
      <Filter>Engine\Util</Filter>
    </ClInclude>
    <ClInclude Include="TextureCache.h">
      <Filter>Engine\Rendering</Filter>
    </ClInclude>
    <ClInclude Include="NetworkConstants.h">
      <Filter>Engine\Net stuff</Filter>
    </ClInclude>
    <ClInclude Include="Zombie.h">
      <Filter>Game\Entities</Filter>
    </ClInclude>
    <ClInclude Include="LerpVec2.h">
      <Filter>Engine\Util</Filter>
    </ClInclude>
    <ClInclude Include="AnimationLoader.h">
      <Filter>Engine\Rendering</Filter>
    </ClInclude>
    <ClInclude Include="Animation.h">
      <Filter>Engine\Rendering</Filter>
    </ClInclude>
    <ClInclude Include="TileMap.h">
      <Filter>Engine\Rendering</Filter>
    </ClInclude>
  </ItemGroup>
  <ItemGroup>
    <Filter Include="Game">
      <UniqueIdentifier>{7b88915c-b35e-49df-a7dc-19ce3b38384f}</UniqueIdentifier>
    </Filter>
    <Filter Include="Engine">
      <UniqueIdentifier>{28c48520-70da-4d84-a3b2-ea997f505a8c}</UniqueIdentifier>
    </Filter>
    <Filter Include="Engine\Net stuff">
      <UniqueIdentifier>{fb54b009-69aa-44c4-8f72-5d5ea9ede439}</UniqueIdentifier>
    </Filter>
    <Filter Include="Engine\Rendering">
      <UniqueIdentifier>{902648b9-430d-46a0-b43d-c51f30532b5b}</UniqueIdentifier>
    </Filter>
    <Filter Include="Engine\Systems">
      <UniqueIdentifier>{e78a8660-b665-4337-ac09-96818d4e67f4}</UniqueIdentifier>
    </Filter>
    <Filter Include="Engine\Util">
      <UniqueIdentifier>{a9bb77cb-7075-4907-b470-7d89eed7311a}</UniqueIdentifier>
    </Filter>
    <Filter Include="Interfaces">
      <UniqueIdentifier>{bed90295-42c9-4ec8-b9fd-8f8383ca124b}</UniqueIdentifier>
    </Filter>
    <Filter Include="Engine\Input">
      <UniqueIdentifier>{232b9ec4-7d79-4c91-bdd2-a7f80818cf2c}</UniqueIdentifier>
    </Filter>
    <Filter Include="Game\States">
      <UniqueIdentifier>{cb755b49-4798-40d1-8e3e-ef81ff9d3641}</UniqueIdentifier>
    </Filter>
    <Filter Include="Game\Camera">
      <UniqueIdentifier>{9d731ea9-1339-4168-84dc-dc2127940a6e}</UniqueIdentifier>
    </Filter>
    <Filter Include="Game\Entities">
      <UniqueIdentifier>{6b6314b8-640e-45d7-9c68-1b0a93f2c339}</UniqueIdentifier>
    </Filter>
  </ItemGroup>
  <ItemGroup>
    <None Include="data\basic.glsl">
      <Filter>Engine\Rendering</Filter>
    </None>
  </ItemGroup>
</Project>